
Microsoft Visual Studio Solution File, Format Version 12.00
# Visual Studio Version 17
VisualStudioVersion = 17.14.36127.28 d17.14
MinimumVisualStudioVersion = 10.0.40219.1
Project("{FAE04EC0-301F-11D3-BF4B-00C04F79EFBC}") = "GenerateUserList", "GenerateUserList\GenerateUserList.csproj", "{980D3D19-4B4A-4D18-B614-AB59525E053A}"
EndProject
Global
	GlobalSection(SolutionConfigurationPlatforms) = preSolution
		Debug|Any CPU = Debug|Any CPU
		Release|Any CPU = Release|Any CPU
	EndGlobalSection
	GlobalSection(ProjectConfigurationPlatforms) = postSolution
		{980D3D19-4B4A-4D18-B614-AB59525E053A}.Debug|Any CPU.ActiveCfg = Debug|Any CPU
		{980D3D19-4B4A-4D18-B614-AB59525E053A}.Debug|Any CPU.Build.0 = Debug|Any CPU
		{980D3D19-4B4A-4D18-B614-AB59525E053A}.Release|Any CPU.ActiveCfg = Release|Any CPU
		{980D3D19-4B4A-4D18-B614-AB59525E053A}.Release|Any CPU.Build.0 = Release|Any CPU
	EndGlobalSection
	GlobalSection(SolutionProperties) = preSolution
		HideSolutionNode = FALSE
	EndGlobalSection
	GlobalSection(ExtensibilityGlobals) = postSolution
		SolutionGuid = {FAD51D95-F6F4-4974-9090-275D88619DED}
	EndGlobalSection
EndGlobal
